
Microsoft Visual Studio Solution File, Format Version 12.00
# Visual Studio Version 16
VisualStudioVersion = 16.0.31624.102
MinimumVisualStudioVersion = 10.0.40219.1
Project("{FAE04EC0-301F-11D3-BF4B-00C04F79EFBC}") = "Soft", "Soft\Soft.csproj", "{DF9929B8-4351-4651-A4A1-2C6F670A9919}"
EndProject
Global
	GlobalSection(SolutionConfigurationPlatforms) = preSolution
		Debug|Any CPU = Debug|Any CPU
		Release|Any CPU = Release|Any CPU
	EndGlobalSection
	GlobalSection(ProjectConfigurationPlatforms) = postSolution
		{DF9929B8-4351-4651-A4A1-2C6F670A9919}.Debug|Any CPU.ActiveCfg = Debug|Any CPU
		{DF9929B8-4351-4651-A4A1-2C6F670A9919}.Debug|Any CPU.Build.0 = Debug|Any CPU
		{DF9929B8-4351-4651-A4A1-2C6F670A9919}.Release|Any CPU.ActiveCfg = Release|Any CPU
		{DF9929B8-4351-4651-A4A1-2C6F670A9919}.Release|Any CPU.Build.0 = Release|Any CPU
	EndGlobalSection
	GlobalSection(SolutionProperties) = preSolution
		HideSolutionNode = FALSE
	EndGlobalSection
	GlobalSection(ExtensibilityGlobals) = postSolution
		SolutionGuid = {4813C23D-1F69-48EF-ACD8-AFED5D322E5F}
	EndGlobalSection
EndGlobal
