
Microsoft Visual Studio Solution File, Format Version 12.00
# Visual Studio Version 17
VisualStudioVersion = 17.0.31710.8
MinimumVisualStudioVersion = 10.0.40219.1
Project("{9A19103F-16F7-4668-BE54-9A1E7A4F7556}") = "Soft", "Soft\Soft.csproj", "{DF9929B8-4351-4651-A4A1-2C6F670A9919}"
EndProject
Project("{9A19103F-16F7-4668-BE54-9A1E7A4F7556}") = "Tests", "Tests\Tests.csproj", "{9819D87A-B164-4668-BBEF-635993C5C7C4}"
	ProjectSection(ProjectDependencies) = postProject
		{7F2089E3-9ECD-46C9-9AEE-9010668EE1DF} = {7F2089E3-9ECD-46C9-9AEE-9010668EE1DF}
		{41AE5EE4-9C3C-4430-844E-8B3D355E9BB7} = {41AE5EE4-9C3C-4430-844E-8B3D355E9BB7}
	EndProjectSection
EndProject
Project("{9A19103F-16F7-4668-BE54-9A1E7A4F7556}") = "Aids", "Aids\Aids.csproj", "{7F2089E3-9ECD-46C9-9AEE-9010668EE1DF}"
EndProject
Project("{9A19103F-16F7-4668-BE54-9A1E7A4F7556}") = "Core", "Core\Core.csproj", "{FEE3B269-38B4-432B-9503-BCB8D49A003B}"
EndProject
Project("{9A19103F-16F7-4668-BE54-9A1E7A4F7556}") = "Data", "Data\Data.csproj", "{1E7AECD6-21C0-4692-82EF-E2A9AB3B173D}"
EndProject
Project("{9A19103F-16F7-4668-BE54-9A1E7A4F7556}") = "Facade", "Facade\Facade.csproj", "{B0A39840-8FFE-4859-8EE3-29D2CD33F3EF}"
	ProjectSection(ProjectDependencies) = postProject
		{41AE5EE4-9C3C-4430-844E-8B3D355E9BB7} = {41AE5EE4-9C3C-4430-844E-8B3D355E9BB7}
	EndProjectSection
EndProject
Project("{9A19103F-16F7-4668-BE54-9A1E7A4F7556}") = "Infra", "Infra\Infra.csproj", "{528EB349-64C5-4B8A-9EF9-6A0E2FCF86D5}"
EndProject
Project("{9A19103F-16F7-4668-BE54-9A1E7A4F7556}") = "Pages", "Pages\Pages.csproj", "{668647A4-EC98-4CD7-A0BB-BC9121963F2E}"
EndProject
Project("{FAE04EC0-301F-11D3-BF4B-00C04F79EFBC}") = "Domain", "Domain\Domain.csproj", "{41AE5EE4-9C3C-4430-844E-8B3D355E9BB7}"
	ProjectSection(ProjectDependencies) = postProject
		{1E7AECD6-21C0-4692-82EF-E2A9AB3B173D} = {1E7AECD6-21C0-4692-82EF-E2A9AB3B173D}
	EndProjectSection
EndProject
Global
	GlobalSection(SolutionConfigurationPlatforms) = preSolution
		Debug|Any CPU = Debug|Any CPU
		Release|Any CPU = Release|Any CPU
	EndGlobalSection
	GlobalSection(ProjectConfigurationPlatforms) = postSolution
		{DF9929B8-4351-4651-A4A1-2C6F670A9919}.Debug|Any CPU.ActiveCfg = Debug|Any CPU
		{DF9929B8-4351-4651-A4A1-2C6F670A9919}.Debug|Any CPU.Build.0 = Debug|Any CPU
		{DF9929B8-4351-4651-A4A1-2C6F670A9919}.Release|Any CPU.ActiveCfg = Release|Any CPU
		{DF9929B8-4351-4651-A4A1-2C6F670A9919}.Release|Any CPU.Build.0 = Release|Any CPU
		{9819D87A-B164-4668-BBEF-635993C5C7C4}.Debug|Any CPU.ActiveCfg = Debug|Any CPU
		{9819D87A-B164-4668-BBEF-635993C5C7C4}.Debug|Any CPU.Build.0 = Debug|Any CPU
		{9819D87A-B164-4668-BBEF-635993C5C7C4}.Release|Any CPU.ActiveCfg = Release|Any CPU
		{9819D87A-B164-4668-BBEF-635993C5C7C4}.Release|Any CPU.Build.0 = Release|Any CPU
		{7F2089E3-9ECD-46C9-9AEE-9010668EE1DF}.Debug|Any CPU.ActiveCfg = Debug|Any CPU
		{7F2089E3-9ECD-46C9-9AEE-9010668EE1DF}.Debug|Any CPU.Build.0 = Debug|Any CPU
		{7F2089E3-9ECD-46C9-9AEE-9010668EE1DF}.Release|Any CPU.ActiveCfg = Release|Any CPU
		{7F2089E3-9ECD-46C9-9AEE-9010668EE1DF}.Release|Any CPU.Build.0 = Release|Any CPU
		{FEE3B269-38B4-432B-9503-BCB8D49A003B}.Debug|Any CPU.ActiveCfg = Debug|Any CPU
		{FEE3B269-38B4-432B-9503-BCB8D49A003B}.Debug|Any CPU.Build.0 = Debug|Any CPU
		{FEE3B269-38B4-432B-9503-BCB8D49A003B}.Release|Any CPU.ActiveCfg = Release|Any CPU
		{FEE3B269-38B4-432B-9503-BCB8D49A003B}.Release|Any CPU.Build.0 = Release|Any CPU
		{1E7AECD6-21C0-4692-82EF-E2A9AB3B173D}.Debug|Any CPU.ActiveCfg = Debug|Any CPU
		{1E7AECD6-21C0-4692-82EF-E2A9AB3B173D}.Debug|Any CPU.Build.0 = Debug|Any CPU
		{1E7AECD6-21C0-4692-82EF-E2A9AB3B173D}.Release|Any CPU.ActiveCfg = Release|Any CPU
		{1E7AECD6-21C0-4692-82EF-E2A9AB3B173D}.Release|Any CPU.Build.0 = Release|Any CPU
		{B0A39840-8FFE-4859-8EE3-29D2CD33F3EF}.Debug|Any CPU.ActiveCfg = Debug|Any CPU
		{B0A39840-8FFE-4859-8EE3-29D2CD33F3EF}.Debug|Any CPU.Build.0 = Debug|Any CPU
		{B0A39840-8FFE-4859-8EE3-29D2CD33F3EF}.Release|Any CPU.ActiveCfg = Release|Any CPU
		{B0A39840-8FFE-4859-8EE3-29D2CD33F3EF}.Release|Any CPU.Build.0 = Release|Any CPU
		{528EB349-64C5-4B8A-9EF9-6A0E2FCF86D5}.Debug|Any CPU.ActiveCfg = Debug|Any CPU
		{528EB349-64C5-4B8A-9EF9-6A0E2FCF86D5}.Debug|Any CPU.Build.0 = Debug|Any CPU
		{528EB349-64C5-4B8A-9EF9-6A0E2FCF86D5}.Release|Any CPU.ActiveCfg = Release|Any CPU
		{528EB349-64C5-4B8A-9EF9-6A0E2FCF86D5}.Release|Any CPU.Build.0 = Release|Any CPU
		{668647A4-EC98-4CD7-A0BB-BC9121963F2E}.Debug|Any CPU.ActiveCfg = Debug|Any CPU
		{668647A4-EC98-4CD7-A0BB-BC9121963F2E}.Debug|Any CPU.Build.0 = Debug|Any CPU
		{668647A4-EC98-4CD7-A0BB-BC9121963F2E}.Release|Any CPU.ActiveCfg = Release|Any CPU
		{668647A4-EC98-4CD7-A0BB-BC9121963F2E}.Release|Any CPU.Build.0 = Release|Any CPU
		{41AE5EE4-9C3C-4430-844E-8B3D355E9BB7}.Debug|Any CPU.ActiveCfg = Debug|Any CPU
		{41AE5EE4-9C3C-4430-844E-8B3D355E9BB7}.Debug|Any CPU.Build.0 = Debug|Any CPU
		{41AE5EE4-9C3C-4430-844E-8B3D355E9BB7}.Release|Any CPU.ActiveCfg = Release|Any CPU
		{41AE5EE4-9C3C-4430-844E-8B3D355E9BB7}.Release|Any CPU.Build.0 = Release|Any CPU
	EndGlobalSection
	GlobalSection(SolutionProperties) = preSolution
		HideSolutionNode = FALSE
	EndGlobalSection
	GlobalSection(ExtensibilityGlobals) = postSolution
		SolutionGuid = {4813C23D-1F69-48EF-ACD8-AFED5D322E5F}
	EndGlobalSection
EndGlobal
